
Microsoft Visual Studio Solution File, Format Version 12.00
# Visual Studio 15
Project("{FAE04EC0-301F-11D3-BF4B-00C04F79EFBC}") = "Assembly-CSharp", "Assembly-CSharp.csproj", "{06764F90-A7A2-6235-4A63-8A186862263F}"
EndProject
Global
	GlobalSection(SolutionConfigurationPlatforms) = preSolution
		Debug|Any CPU = Debug|Any CPU
		Release|Any CPU = Release|Any CPU
	EndGlobalSection
	GlobalSection(ProjectConfigurationPlatforms) = postSolution
		{06764F90-A7A2-6235-4A63-8A186862263F}.Debug|Any CPU.ActiveCfg = Debug|Any CPU
		{06764F90-A7A2-6235-4A63-8A186862263F}.Debug|Any CPU.Build.0 = Debug|Any CPU
		{06764F90-A7A2-6235-4A63-8A186862263F}.Release|Any CPU.ActiveCfg = Release|Any CPU
		{06764F90-A7A2-6235-4A63-8A186862263F}.Release|Any CPU.Build.0 = Release|Any CPU
	EndGlobalSection
	GlobalSection(SolutionProperties) = preSolution
		HideSolutionNode = FALSE
	EndGlobalSection
EndGlobal
